
Microsoft Visual Studio Solution File, Format Version 12.00
# Visual Studio Version 17
VisualStudioVersion = 17.11.35312.102
MinimumVisualStudioVersion = 10.0.40219.1
Project("{2150E333-8FDC-42A3-9474-1A3956D46DE8}") = "Task0", "Task0", "{BA0C95F9-8C1A-47D4-BBC1-F59A6E2872ED}"
EndProject
Project("{FAE04EC0-301F-11D3-BF4B-00C04F79EFBC}") = "Tyuiu.KushnirS.Sprint6.Task0.V22", "Tyuiu.KushnirS.Sprint6.Task0.V22\Tyuiu.KushnirS.Sprint6.Task0.V22.csproj", "{95C602E7-4086-4C2B-AFBA-E144446AC870}"
EndProject
Project("{FAE04EC0-301F-11D3-BF4B-00C04F79EFBC}") = "Tyuiu.KushnirS.Sprint6.Task0.V22.Lib", "Tyuiu.KushnirS.Sprint6.Task0.V22.Lib\Tyuiu.KushnirS.Sprint6.Task0.V22.Lib.csproj", "{4DAFEF80-F2DE-46E5-9C9C-EFBBBA74F385}"
EndProject
Project("{FAE04EC0-301F-11D3-BF4B-00C04F79EFBC}") = "Tyuiu.KushnirS.Sprint6.Task0.V22.Test", "Tyuiu.KushnirS.Sprint6.Task0.V22.Test\Tyuiu.KushnirS.Sprint6.Task0.V22.Test.csproj", "{0A36967C-3F33-4C40-A9C5-53C340483091}"
EndProject
Project("{2150E333-8FDC-42A3-9474-1A3956D46DE8}") = "Task1", "Task1", "{7C0947B4-B7FE-4AD8-9BFD-D1ECC9EE8C8F}"
EndProject
Project("{FAE04EC0-301F-11D3-BF4B-00C04F79EFBC}") = "Tyuiu.KushnirS.Sprint6.Task1.V21", "Tyuiu.KushnirS.Sprint6.Task1.V21\Tyuiu.KushnirS.Sprint6.Task1.V21.csproj", "{60F0E7CA-C1F5-4169-BB2A-59A94E94DE2E}"
EndProject
Project("{FAE04EC0-301F-11D3-BF4B-00C04F79EFBC}") = "Tyuiu.KushnirS.Sprint6.Task1.V21.Lib", "Tyuiu.KushnirS.Sprint6.Task1.V21.Lib\Tyuiu.KushnirS.Sprint6.Task1.V21.Lib.csproj", "{B6239D49-7B14-46EF-8556-374742B54AD1}"
EndProject
Project("{FAE04EC0-301F-11D3-BF4B-00C04F79EFBC}") = "Tyuiu.KushnirS.Sprint6.Task1.V21.Test", "Tyuiu.KushnirS.Sprint6.Task1.V21.Test\Tyuiu.KushnirS.Sprint6.Task1.V21.Test.csproj", "{99604606-8423-4CC9-8B36-4AD0BC36FE0C}"
EndProject
Project("{2150E333-8FDC-42A3-9474-1A3956D46DE8}") = "Task2", "Task2", "{09DBCB0F-FA86-4953-AAFA-422FB235770F}"
EndProject
Project("{FAE04EC0-301F-11D3-BF4B-00C04F79EFBC}") = "Tyuiu.KushnirS.Sprint6.Task2.V13", "Tyuiu.KushnirS.Sprint6.Task2.V13\Tyuiu.KushnirS.Sprint6.Task2.V13.csproj", "{295EB306-B3CD-4C3A-9A57-540B81F10D0F}"
EndProject
Project("{FAE04EC0-301F-11D3-BF4B-00C04F79EFBC}") = "Tyuiu.KushnirS.Sprint6.Task2.V13.Lib", "Tyuiu.KushnirS.Sprint6.Task2.V13.Lib\Tyuiu.KushnirS.Sprint6.Task2.V13.Lib.csproj", "{EE23FD35-AF1F-4137-928F-B1E2DBA47A8D}"
EndProject
Project("{FAE04EC0-301F-11D3-BF4B-00C04F79EFBC}") = "Tyuiu.KushnirS.Sprint6.Task2.V13.Test", "Tyuiu.KushnirS.Sprint6.Task2.V13.Test\Tyuiu.KushnirS.Sprint6.Task2.V13.Test.csproj", "{0928A17D-C042-4B5F-81AB-F400851BE034}"
EndProject
Project("{2150E333-8FDC-42A3-9474-1A3956D46DE8}") = "Task3", "Task3", "{CE53F417-0027-41C4-870D-B7048EDA47DB}"
EndProject
Project("{FAE04EC0-301F-11D3-BF4B-00C04F79EFBC}") = "Tyuiu.KushnirS.Sprint6.Task3.V13", "Tyuiu.KushnirS.Sprint6.Task3.V13\Tyuiu.KushnirS.Sprint6.Task3.V13.csproj", "{9697FB8D-2A8A-4BF4-AAC7-AA3CDA3218FD}"
EndProject
Project("{FAE04EC0-301F-11D3-BF4B-00C04F79EFBC}") = "Tyuiu.KushnirS.Sprint6.Task3.V13.Lib", "Tyuiu.KushnirS.Sprint6.Task3.V13.Lib\Tyuiu.KushnirS.Sprint6.Task3.V13.Lib.csproj", "{94CA2AE8-BB86-462E-A0D7-302943812AA1}"
EndProject
Project("{FAE04EC0-301F-11D3-BF4B-00C04F79EFBC}") = "Tyuiu.KushnirS.Sprint6.Task3.V13.Test", "Tyuiu.KushnirS.Sprint6.Task3.V13.Test\Tyuiu.KushnirS.Sprint6.Task3.V13.Test.csproj", "{2CD07A34-C314-4653-8F19-5B9166F6B902}"
EndProject
Global
	GlobalSection(SolutionConfigurationPlatforms) = preSolution
		Debug|Any CPU = Debug|Any CPU
		Release|Any CPU = Release|Any CPU
	EndGlobalSection
	GlobalSection(ProjectConfigurationPlatforms) = postSolution
		{95C602E7-4086-4C2B-AFBA-E144446AC870}.Debug|Any CPU.ActiveCfg = Debug|Any CPU
		{95C602E7-4086-4C2B-AFBA-E144446AC870}.Debug|Any CPU.Build.0 = Debug|Any CPU
		{95C602E7-4086-4C2B-AFBA-E144446AC870}.Release|Any CPU.ActiveCfg = Release|Any CPU
		{95C602E7-4086-4C2B-AFBA-E144446AC870}.Release|Any CPU.Build.0 = Release|Any CPU
		{4DAFEF80-F2DE-46E5-9C9C-EFBBBA74F385}.Debug|Any CPU.ActiveCfg = Debug|Any CPU
		{4DAFEF80-F2DE-46E5-9C9C-EFBBBA74F385}.Debug|Any CPU.Build.0 = Debug|Any CPU
		{4DAFEF80-F2DE-46E5-9C9C-EFBBBA74F385}.Release|Any CPU.ActiveCfg = Release|Any CPU
		{4DAFEF80-F2DE-46E5-9C9C-EFBBBA74F385}.Release|Any CPU.Build.0 = Release|Any CPU
		{0A36967C-3F33-4C40-A9C5-53C340483091}.Debug|Any CPU.ActiveCfg = Debug|Any CPU
		{0A36967C-3F33-4C40-A9C5-53C340483091}.Debug|Any CPU.Build.0 = Debug|Any CPU
		{0A36967C-3F33-4C40-A9C5-53C340483091}.Release|Any CPU.ActiveCfg = Release|Any CPU
		{0A36967C-3F33-4C40-A9C5-53C340483091}.Release|Any CPU.Build.0 = Release|Any CPU
		{60F0E7CA-C1F5-4169-BB2A-59A94E94DE2E}.Debug|Any CPU.ActiveCfg = Debug|Any CPU
		{60F0E7CA-C1F5-4169-BB2A-59A94E94DE2E}.Debug|Any CPU.Build.0 = Debug|Any CPU
		{60F0E7CA-C1F5-4169-BB2A-59A94E94DE2E}.Release|Any CPU.ActiveCfg = Release|Any CPU
		{60F0E7CA-C1F5-4169-BB2A-59A94E94DE2E}.Release|Any CPU.Build.0 = Release|Any CPU
		{B6239D49-7B14-46EF-8556-374742B54AD1}.Debug|Any CPU.ActiveCfg = Debug|Any CPU
		{B6239D49-7B14-46EF-8556-374742B54AD1}.Debug|Any CPU.Build.0 = Debug|Any CPU
		{B6239D49-7B14-46EF-8556-374742B54AD1}.Release|Any CPU.ActiveCfg = Release|Any CPU
		{B6239D49-7B14-46EF-8556-374742B54AD1}.Release|Any CPU.Build.0 = Release|Any CPU
		{99604606-8423-4CC9-8B36-4AD0BC36FE0C}.Debug|Any CPU.ActiveCfg = Debug|Any CPU
		{99604606-8423-4CC9-8B36-4AD0BC36FE0C}.Debug|Any CPU.Build.0 = Debug|Any CPU
		{99604606-8423-4CC9-8B36-4AD0BC36FE0C}.Release|Any CPU.ActiveCfg = Release|Any CPU
		{99604606-8423-4CC9-8B36-4AD0BC36FE0C}.Release|Any CPU.Build.0 = Release|Any CPU
		{295EB306-B3CD-4C3A-9A57-540B81F10D0F}.Debug|Any CPU.ActiveCfg = Debug|Any CPU
		{295EB306-B3CD-4C3A-9A57-540B81F10D0F}.Debug|Any CPU.Build.0 = Debug|Any CPU
		{295EB306-B3CD-4C3A-9A57-540B81F10D0F}.Release|Any CPU.ActiveCfg = Release|Any CPU
		{295EB306-B3CD-4C3A-9A57-540B81F10D0F}.Release|Any CPU.Build.0 = Release|Any CPU
		{EE23FD35-AF1F-4137-928F-B1E2DBA47A8D}.Debug|Any CPU.ActiveCfg = Debug|Any CPU
		{EE23FD35-AF1F-4137-928F-B1E2DBA47A8D}.Debug|Any CPU.Build.0 = Debug|Any CPU
		{EE23FD35-AF1F-4137-928F-B1E2DBA47A8D}.Release|Any CPU.ActiveCfg = Release|Any CPU
		{EE23FD35-AF1F-4137-928F-B1E2DBA47A8D}.Release|Any CPU.Build.0 = Release|Any CPU
		{0928A17D-C042-4B5F-81AB-F400851BE034}.Debug|Any CPU.ActiveCfg = Debug|Any CPU
		{0928A17D-C042-4B5F-81AB-F400851BE034}.Debug|Any CPU.Build.0 = Debug|Any CPU
		{0928A17D-C042-4B5F-81AB-F400851BE034}.Release|Any CPU.ActiveCfg = Release|Any CPU
		{0928A17D-C042-4B5F-81AB-F400851BE034}.Release|Any CPU.Build.0 = Release|Any CPU
		{9697FB8D-2A8A-4BF4-AAC7-AA3CDA3218FD}.Debug|Any CPU.ActiveCfg = Debug|Any CPU
		{9697FB8D-2A8A-4BF4-AAC7-AA3CDA3218FD}.Debug|Any CPU.Build.0 = Debug|Any CPU
		{9697FB8D-2A8A-4BF4-AAC7-AA3CDA3218FD}.Release|Any CPU.ActiveCfg = Release|Any CPU
		{9697FB8D-2A8A-4BF4-AAC7-AA3CDA3218FD}.Release|Any CPU.Build.0 = Release|Any CPU
		{94CA2AE8-BB86-462E-A0D7-302943812AA1}.Debug|Any CPU.ActiveCfg = Debug|Any CPU
		{94CA2AE8-BB86-462E-A0D7-302943812AA1}.Debug|Any CPU.Build.0 = Debug|Any CPU
		{94CA2AE8-BB86-462E-A0D7-302943812AA1}.Release|Any CPU.ActiveCfg = Release|Any CPU
		{94CA2AE8-BB86-462E-A0D7-302943812AA1}.Release|Any CPU.Build.0 = Release|Any CPU
		{2CD07A34-C314-4653-8F19-5B9166F6B902}.Debug|Any CPU.ActiveCfg = Debug|Any CPU
		{2CD07A34-C314-4653-8F19-5B9166F6B902}.Debug|Any CPU.Build.0 = Debug|Any CPU
		{2CD07A34-C314-4653-8F19-5B9166F6B902}.Release|Any CPU.ActiveCfg = Release|Any CPU
		{2CD07A34-C314-4653-8F19-5B9166F6B902}.Release|Any CPU.Build.0 = Release|Any CPU
	EndGlobalSection
	GlobalSection(SolutionProperties) = preSolution
		HideSolutionNode = FALSE
	EndGlobalSection
	GlobalSection(NestedProjects) = preSolution
		{95C602E7-4086-4C2B-AFBA-E144446AC870} = {BA0C95F9-8C1A-47D4-BBC1-F59A6E2872ED}
		{4DAFEF80-F2DE-46E5-9C9C-EFBBBA74F385} = {BA0C95F9-8C1A-47D4-BBC1-F59A6E2872ED}
		{0A36967C-3F33-4C40-A9C5-53C340483091} = {BA0C95F9-8C1A-47D4-BBC1-F59A6E2872ED}
		{60F0E7CA-C1F5-4169-BB2A-59A94E94DE2E} = {7C0947B4-B7FE-4AD8-9BFD-D1ECC9EE8C8F}
		{B6239D49-7B14-46EF-8556-374742B54AD1} = {7C0947B4-B7FE-4AD8-9BFD-D1ECC9EE8C8F}
		{99604606-8423-4CC9-8B36-4AD0BC36FE0C} = {7C0947B4-B7FE-4AD8-9BFD-D1ECC9EE8C8F}
		{295EB306-B3CD-4C3A-9A57-540B81F10D0F} = {09DBCB0F-FA86-4953-AAFA-422FB235770F}
		{EE23FD35-AF1F-4137-928F-B1E2DBA47A8D} = {09DBCB0F-FA86-4953-AAFA-422FB235770F}
		{0928A17D-C042-4B5F-81AB-F400851BE034} = {09DBCB0F-FA86-4953-AAFA-422FB235770F}
		{9697FB8D-2A8A-4BF4-AAC7-AA3CDA3218FD} = {CE53F417-0027-41C4-870D-B7048EDA47DB}
		{94CA2AE8-BB86-462E-A0D7-302943812AA1} = {CE53F417-0027-41C4-870D-B7048EDA47DB}
		{2CD07A34-C314-4653-8F19-5B9166F6B902} = {CE53F417-0027-41C4-870D-B7048EDA47DB}
	EndGlobalSection
	GlobalSection(ExtensibilityGlobals) = postSolution
		SolutionGuid = {1E389AF0-124E-462B-B722-AF83F46BA6C3}
	EndGlobalSection
EndGlobal
